PODS:
  - Alamofire (4.7.3)
  - OAuth3A (0.0.1):
    - OAuth3A/Core (= 0.0.1)
  - OAuth3A/Core (0.0.1)

DEPENDENCIES:
  - Alamofire
  - OAuth3A (from `https://github.com/mevansjr/OAuth3A`)

SPEC REPOS:
  https://github.com/cocoapods/specs.git:
    - Alamofire

EXTERNAL SOURCES:
  OAuth3A:
    :git: https://github.com/mevansjr/OAuth3A

CHECKOUT OPTIONS:
  OAuth3A:
    :commit: ba778000a409dfd59cf28de145bb5f59ca621a4f
    :git: https://github.com/mevansjr/OAuth3A

SPEC CHECKSUMS:
  Alamofire: c7287b6e5d7da964a70935e5db17046b7fde6568
  OAuth3A: 220146da0423fcd5ea2a1c2f74c1cf6b571d8e4e

PODFILE CHECKSUM: 3cd7e4b5c0e95ce46cf9b5a86133064b5547e8f0

COCOAPODS: 1.5.3
